
Microsoft Visual Studio Solution File, Format Version 12.00
# Visual Studio Version 16
VisualStudioVersion = 16.0.28803.352
MinimumVisualStudioVersion = 10.0.40219.1
Project("{FAE04EC0-301F-11D3-BF4B-00C04F79EFBC}") = "LuaSTGEditorSharp", "LuaSTGEditorSharp\LuaSTGEditorSharp.csproj", "{658393F3-C67A-4ABC-9114-48D39ED7E675}"
EndProject
Project("{FAE04EC0-301F-11D3-BF4B-00C04F79EFBC}") = "NodeTest", "NodeTest\NodeTest.csproj", "{4EF6BD5D-9330-4C9D-86A9-5BF632938B95}"
EndProject
Project("{FAE04EC0-301F-11D3-BF4B-00C04F79EFBC}") = "LuaSTGNodelib", "LuaSTGNodelib\LuaSTGNodelib.csproj", "{06F198EA-762C-4B34-84DA-B58A6C3E6A79}"
EndProject
Project("{2150E333-8FDC-42A3-9474-1A3956D46DE8}") = "Solution Items", "Solution Items", "{8572669B-65DA-442E-9EC1-63BF18B13390}"
	ProjectSection(SolutionItems) = preProject
		Advanced Repeat Design.md = Advanced Repeat Design.md
		README.md = README.md
		Unfinished Nodes.md = Unfinished Nodes.md
		User Manual.md = User Manual.md
	EndProjectSection
EndProject
Project("{930C7802-8A8C-48F9-8165-68863BCCD9DD}") = "WiXSetup", "WiXSetup\WiXSetup.wixproj", "{7F925F14-260A-4000-A17F-7617B36012FF}"
EndProject
Global
	GlobalSection(SolutionConfigurationPlatforms) = preSolution
		Debug|Any CPU = Debug|Any CPU
		Debug|x64 = Debug|x64
		Debug|x86 = Debug|x86
		Release|Any CPU = Release|Any CPU
		Release|x64 = Release|x64
		Release|x86 = Release|x86
	EndGlobalSection
	GlobalSection(ProjectConfigurationPlatforms) = postSolution
		{658393F3-C67A-4ABC-9114-48D39ED7E675}.Debug|Any CPU.ActiveCfg = Debug|Any CPU
		{658393F3-C67A-4ABC-9114-48D39ED7E675}.Debug|Any CPU.Build.0 = Debug|Any CPU
		{658393F3-C67A-4ABC-9114-48D39ED7E675}.Debug|x64.ActiveCfg = Debug|Any CPU
		{658393F3-C67A-4ABC-9114-48D39ED7E675}.Debug|x64.Build.0 = Debug|Any CPU
		{658393F3-C67A-4ABC-9114-48D39ED7E675}.Debug|x86.ActiveCfg = Debug|Any CPU
		{658393F3-C67A-4ABC-9114-48D39ED7E675}.Debug|x86.Build.0 = Debug|Any CPU
		{658393F3-C67A-4ABC-9114-48D39ED7E675}.Release|Any CPU.ActiveCfg = Release|Any CPU
		{658393F3-C67A-4ABC-9114-48D39ED7E675}.Release|Any CPU.Build.0 = Release|Any CPU
		{658393F3-C67A-4ABC-9114-48D39ED7E675}.Release|x64.ActiveCfg = Release|Any CPU
		{658393F3-C67A-4ABC-9114-48D39ED7E675}.Release|x64.Build.0 = Release|Any CPU
		{658393F3-C67A-4ABC-9114-48D39ED7E675}.Release|x86.ActiveCfg = Release|Any CPU
		{658393F3-C67A-4ABC-9114-48D39ED7E675}.Release|x86.Build.0 = Release|Any CPU
		{4EF6BD5D-9330-4C9D-86A9-5BF632938B95}.Debug|Any CPU.ActiveCfg = Debug|Any CPU
		{4EF6BD5D-9330-4C9D-86A9-5BF632938B95}.Debug|Any CPU.Build.0 = Debug|Any CPU
		{4EF6BD5D-9330-4C9D-86A9-5BF632938B95}.Debug|x64.ActiveCfg = Debug|Any CPU
		{4EF6BD5D-9330-4C9D-86A9-5BF632938B95}.Debug|x64.Build.0 = Debug|Any CPU
		{4EF6BD5D-9330-4C9D-86A9-5BF632938B95}.Debug|x86.ActiveCfg = Debug|Any CPU
		{4EF6BD5D-9330-4C9D-86A9-5BF632938B95}.Debug|x86.Build.0 = Debug|Any CPU
		{4EF6BD5D-9330-4C9D-86A9-5BF632938B95}.Release|Any CPU.ActiveCfg = Release|Any CPU
		{4EF6BD5D-9330-4C9D-86A9-5BF632938B95}.Release|Any CPU.Build.0 = Release|Any CPU
		{4EF6BD5D-9330-4C9D-86A9-5BF632938B95}.Release|x64.ActiveCfg = Release|Any CPU
		{4EF6BD5D-9330-4C9D-86A9-5BF632938B95}.Release|x64.Build.0 = Release|Any CPU
		{4EF6BD5D-9330-4C9D-86A9-5BF632938B95}.Release|x86.ActiveCfg = Release|Any CPU
		{4EF6BD5D-9330-4C9D-86A9-5BF632938B95}.Release|x86.Build.0 = Release|Any CPU
		{06F198EA-762C-4B34-84DA-B58A6C3E6A79}.Debug|Any CPU.ActiveCfg = Debug|Any CPU
		{06F198EA-762C-4B34-84DA-B58A6C3E6A79}.Debug|Any CPU.Build.0 = Debug|Any CPU
		{06F198EA-762C-4B34-84DA-B58A6C3E6A79}.Debug|x64.ActiveCfg = Debug|Any CPU
		{06F198EA-762C-4B34-84DA-B58A6C3E6A79}.Debug|x64.Build.0 = Debug|Any CPU
		{06F198EA-762C-4B34-84DA-B58A6C3E6A79}.Debug|x86.ActiveCfg = Debug|Any CPU
		{06F198EA-762C-4B34-84DA-B58A6C3E6A79}.Debug|x86.Build.0 = Debug|Any CPU
		{06F198EA-762C-4B34-84DA-B58A6C3E6A79}.Release|Any CPU.ActiveCfg = Release|Any CPU
		{06F198EA-762C-4B34-84DA-B58A6C3E6A79}.Release|Any CPU.Build.0 = Release|Any CPU
		{06F198EA-762C-4B34-84DA-B58A6C3E6A79}.Release|x64.ActiveCfg = Release|Any CPU
		{06F198EA-762C-4B34-84DA-B58A6C3E6A79}.Release|x64.Build.0 = Release|Any CPU
		{06F198EA-762C-4B34-84DA-B58A6C3E6A79}.Release|x86.ActiveCfg = Release|Any CPU
		{06F198EA-762C-4B34-84DA-B58A6C3E6A79}.Release|x86.Build.0 = Release|Any CPU
		{7F925F14-260A-4000-A17F-7617B36012FF}.Debug|Any CPU.ActiveCfg = Debug|x86
		{7F925F14-260A-4000-A17F-7617B36012FF}.Debug|x64.ActiveCfg = Debug|x86
		{7F925F14-260A-4000-A17F-7617B36012FF}.Debug|x86.ActiveCfg = Debug|x86
		{7F925F14-260A-4000-A17F-7617B36012FF}.Debug|x86.Build.0 = Debug|x86
		{7F925F14-260A-4000-A17F-7617B36012FF}.Release|Any CPU.ActiveCfg = Release|x86
		{7F925F14-260A-4000-A17F-7617B36012FF}.Release|x64.ActiveCfg = Release|x86
		{7F925F14-260A-4000-A17F-7617B36012FF}.Release|x86.ActiveCfg = Release|x86
		{7F925F14-260A-4000-A17F-7617B36012FF}.Release|x86.Build.0 = Release|x86
	EndGlobalSection
	GlobalSection(SolutionProperties) = preSolution
		HideSolutionNode = FALSE
	EndGlobalSection
	GlobalSection(ExtensibilityGlobals) = postSolution
		SolutionGuid = {0FAB694C-FEB1-4FCA-9F07-4DAD96FF1194}
	EndGlobalSection
EndGlobal
