
Microsoft Visual Studio Solution File, Format Version 12.00
# Visual Studio Version 17
VisualStudioVersion = 17.0.31903.59
MinimumVisualStudioVersion = 10.0.40219.1
Project("{9A19103F-16F7-4668-BE54-9A1E7A4F7556}") = "LuaSTGEditorSharp", "LuaSTGEditorSharp\LuaSTGEditorSharp.csproj", "{658393F3-C67A-4ABC-9114-48D39ED7E675}"
EndProject
Project("{2150E333-8FDC-42A3-9474-1A3956D46DE8}") = "Solution Items", "Solution Items", "{8572669B-65DA-442E-9EC1-63BF18B13390}"
	ProjectSection(SolutionItems) = preProject
		.editorconfig = .editorconfig
		Advanced Repeat Design.md = Advanced Repeat Design.md
		README.md = README.md
		Unfinished Nodes.md = Unfinished Nodes.md
		User Manual.md = User Manual.md
	EndProjectSection
EndProject
Project("{9A19103F-16F7-4668-BE54-9A1E7A4F7556}") = "LuaSTGEditorSharp.Core", "LuaSTGEditorSharp.Core\LuaSTGEditorSharp.Core.csproj", "{BD1CA1E6-9E34-4098-AE65-922F23670F75}"
EndProject
Project("{9A19103F-16F7-4668-BE54-9A1E7A4F7556}") = "LuaSTGPlusLib", "LuaSTGPlusLib\LuaSTGPlusLib.csproj", "{F26180BD-0F0E-414F-922E-E318690D8B0D}"
EndProject
Project("{9A19103F-16F7-4668-BE54-9A1E7A4F7556}") = "LuaSTGXLib.Legacy", "LuaSTGXLib.Legacy\LuaSTGXLib.Legacy.csproj", "{C68F8DBF-6CEF-4889-A6BB-1C4CA2F8876D}"
EndProject
Project("{9A19103F-16F7-4668-BE54-9A1E7A4F7556}") = "LuaSTGNode.Legacy", "LuaSTGNode.Legacy\LuaSTGNode.Legacy.csproj", "{06F198EA-762C-4B34-84DA-B58A6C3E6A79}"
EndProject
Project("{9A19103F-16F7-4668-BE54-9A1E7A4F7556}") = "ExtensionRegister", "ExtensionRegister\ExtensionRegister.csproj", "{9F64F9E5-9D95-47BA-ADDA-524B89F406FA}"
EndProject
Project("{9A19103F-16F7-4668-BE54-9A1E7A4F7556}") = "DanmakuRandomizer", "DanmakuRandomizer\DanmakuRandomizer.csproj", "{A2EB4BA6-99D8-4EBE-A122-DE9ED986AEC5}"
EndProject
Project("{9A19103F-16F7-4668-BE54-9A1E7A4F7556}") = "LuaSTGEditorSharp.Core.Windows", "LuaSTGEditorSharp.Core.Windows\LuaSTGEditorSharp.Core.Windows.csproj", "{BC414CFE-4741-4A84-AC6D-827327103217}"
EndProject
Project("{9A19103F-16F7-4668-BE54-9A1E7A4F7556}") = "LuaSTGNode.Legacy.Windows", "LuaSTGNode.Legacy.Windows\LuaSTGNode.Legacy.Windows.csproj", "{A1C31871-42CD-46FA-8274-0EF22EC32D63}"
EndProject
Project("{9A19103F-16F7-4668-BE54-9A1E7A4F7556}") = "LuaSTGLib.Default", "LuaSTGLib.Default\LuaSTGLib.Default.csproj", "{6E8C559F-E090-4A96-A195-6CD8B5EDD22E}"
EndProject
Project("{9A19103F-16F7-4668-BE54-9A1E7A4F7556}") = "LuaSTGSubLib", "LuaSTGSubLib\LuaSTGSubLib.csproj", "{20925816-5537-442C-8F61-3A8D54C34E59}"
EndProject
Project("{FAE04EC0-301F-11D3-BF4B-00C04F79EFBC}") = "LuaSTGEditorSharp.Core.Cli", "LuaSTGEditorSharp.Core.Cli\LuaSTGEditorSharp.Core.Cli.csproj", "{348D5515-2BAF-489B-A89A-C9BBA1561D72}"
EndProject
Global
	GlobalSection(SolutionConfigurationPlatforms) = preSolution
		Debug|Any CPU = Debug|Any CPU
		Debug|x64 = Debug|x64
		Debug|x86 = Debug|x86
		Release|Any CPU = Release|Any CPU
		Release|x64 = Release|x64
		Release|x86 = Release|x86
	EndGlobalSection
	GlobalSection(ProjectConfigurationPlatforms) = postSolution
		{658393F3-C67A-4ABC-9114-48D39ED7E675}.Debug|Any CPU.ActiveCfg = Debug|Any CPU
		{658393F3-C67A-4ABC-9114-48D39ED7E675}.Debug|Any CPU.Build.0 = Debug|Any CPU
		{658393F3-C67A-4ABC-9114-48D39ED7E675}.Debug|x64.ActiveCfg = Debug|Any CPU
		{658393F3-C67A-4ABC-9114-48D39ED7E675}.Debug|x64.Build.0 = Debug|Any CPU
		{658393F3-C67A-4ABC-9114-48D39ED7E675}.Debug|x86.ActiveCfg = Debug|Any CPU
		{658393F3-C67A-4ABC-9114-48D39ED7E675}.Debug|x86.Build.0 = Debug|Any CPU
		{658393F3-C67A-4ABC-9114-48D39ED7E675}.Release|Any CPU.ActiveCfg = Release|Any CPU
		{658393F3-C67A-4ABC-9114-48D39ED7E675}.Release|Any CPU.Build.0 = Release|Any CPU
		{658393F3-C67A-4ABC-9114-48D39ED7E675}.Release|x64.ActiveCfg = Release|Any CPU
		{658393F3-C67A-4ABC-9114-48D39ED7E675}.Release|x64.Build.0 = Release|Any CPU
		{658393F3-C67A-4ABC-9114-48D39ED7E675}.Release|x86.ActiveCfg = Release|Any CPU
		{658393F3-C67A-4ABC-9114-48D39ED7E675}.Release|x86.Build.0 = Release|Any CPU
		{BD1CA1E6-9E34-4098-AE65-922F23670F75}.Debug|Any CPU.ActiveCfg = Debug|Any CPU
		{BD1CA1E6-9E34-4098-AE65-922F23670F75}.Debug|Any CPU.Build.0 = Debug|Any CPU
		{BD1CA1E6-9E34-4098-AE65-922F23670F75}.Debug|x64.ActiveCfg = Debug|Any CPU
		{BD1CA1E6-9E34-4098-AE65-922F23670F75}.Debug|x64.Build.0 = Debug|Any CPU
		{BD1CA1E6-9E34-4098-AE65-922F23670F75}.Debug|x86.ActiveCfg = Debug|Any CPU
		{BD1CA1E6-9E34-4098-AE65-922F23670F75}.Debug|x86.Build.0 = Debug|Any CPU
		{BD1CA1E6-9E34-4098-AE65-922F23670F75}.Release|Any CPU.ActiveCfg = Release|Any CPU
		{BD1CA1E6-9E34-4098-AE65-922F23670F75}.Release|Any CPU.Build.0 = Release|Any CPU
		{BD1CA1E6-9E34-4098-AE65-922F23670F75}.Release|x64.ActiveCfg = Release|Any CPU
		{BD1CA1E6-9E34-4098-AE65-922F23670F75}.Release|x64.Build.0 = Release|Any CPU
		{BD1CA1E6-9E34-4098-AE65-922F23670F75}.Release|x86.ActiveCfg = Release|Any CPU
		{BD1CA1E6-9E34-4098-AE65-922F23670F75}.Release|x86.Build.0 = Release|Any CPU
		{F26180BD-0F0E-414F-922E-E318690D8B0D}.Debug|Any CPU.ActiveCfg = Debug|Any CPU
		{F26180BD-0F0E-414F-922E-E318690D8B0D}.Debug|Any CPU.Build.0 = Debug|Any CPU
		{F26180BD-0F0E-414F-922E-E318690D8B0D}.Debug|x64.ActiveCfg = Debug|Any CPU
		{F26180BD-0F0E-414F-922E-E318690D8B0D}.Debug|x64.Build.0 = Debug|Any CPU
		{F26180BD-0F0E-414F-922E-E318690D8B0D}.Debug|x86.ActiveCfg = Debug|Any CPU
		{F26180BD-0F0E-414F-922E-E318690D8B0D}.Debug|x86.Build.0 = Debug|Any CPU
		{F26180BD-0F0E-414F-922E-E318690D8B0D}.Release|Any CPU.ActiveCfg = Release|Any CPU
		{F26180BD-0F0E-414F-922E-E318690D8B0D}.Release|Any CPU.Build.0 = Release|Any CPU
		{F26180BD-0F0E-414F-922E-E318690D8B0D}.Release|x64.ActiveCfg = Release|Any CPU
		{F26180BD-0F0E-414F-922E-E318690D8B0D}.Release|x64.Build.0 = Release|Any CPU
		{F26180BD-0F0E-414F-922E-E318690D8B0D}.Release|x86.ActiveCfg = Release|Any CPU
		{F26180BD-0F0E-414F-922E-E318690D8B0D}.Release|x86.Build.0 = Release|Any CPU
		{C68F8DBF-6CEF-4889-A6BB-1C4CA2F8876D}.Debug|Any CPU.ActiveCfg = Debug|Any CPU
		{C68F8DBF-6CEF-4889-A6BB-1C4CA2F8876D}.Debug|Any CPU.Build.0 = Debug|Any CPU
		{C68F8DBF-6CEF-4889-A6BB-1C4CA2F8876D}.Debug|x64.ActiveCfg = Debug|Any CPU
		{C68F8DBF-6CEF-4889-A6BB-1C4CA2F8876D}.Debug|x64.Build.0 = Debug|Any CPU
		{C68F8DBF-6CEF-4889-A6BB-1C4CA2F8876D}.Debug|x86.ActiveCfg = Debug|Any CPU
		{C68F8DBF-6CEF-4889-A6BB-1C4CA2F8876D}.Debug|x86.Build.0 = Debug|Any CPU
		{C68F8DBF-6CEF-4889-A6BB-1C4CA2F8876D}.Release|Any CPU.ActiveCfg = Release|Any CPU
		{C68F8DBF-6CEF-4889-A6BB-1C4CA2F8876D}.Release|Any CPU.Build.0 = Release|Any CPU
		{C68F8DBF-6CEF-4889-A6BB-1C4CA2F8876D}.Release|x64.ActiveCfg = Release|Any CPU
		{C68F8DBF-6CEF-4889-A6BB-1C4CA2F8876D}.Release|x64.Build.0 = Release|Any CPU
		{C68F8DBF-6CEF-4889-A6BB-1C4CA2F8876D}.Release|x86.ActiveCfg = Release|Any CPU
		{C68F8DBF-6CEF-4889-A6BB-1C4CA2F8876D}.Release|x86.Build.0 = Release|Any CPU
		{06F198EA-762C-4B34-84DA-B58A6C3E6A79}.Debug|Any CPU.ActiveCfg = Debug|Any CPU
		{06F198EA-762C-4B34-84DA-B58A6C3E6A79}.Debug|Any CPU.Build.0 = Debug|Any CPU
		{06F198EA-762C-4B34-84DA-B58A6C3E6A79}.Debug|x64.ActiveCfg = Debug|Any CPU
		{06F198EA-762C-4B34-84DA-B58A6C3E6A79}.Debug|x64.Build.0 = Debug|Any CPU
		{06F198EA-762C-4B34-84DA-B58A6C3E6A79}.Debug|x86.ActiveCfg = Debug|Any CPU
		{06F198EA-762C-4B34-84DA-B58A6C3E6A79}.Debug|x86.Build.0 = Debug|Any CPU
		{06F198EA-762C-4B34-84DA-B58A6C3E6A79}.Release|Any CPU.ActiveCfg = Release|Any CPU
		{06F198EA-762C-4B34-84DA-B58A6C3E6A79}.Release|Any CPU.Build.0 = Release|Any CPU
		{06F198EA-762C-4B34-84DA-B58A6C3E6A79}.Release|x64.ActiveCfg = Release|Any CPU
		{06F198EA-762C-4B34-84DA-B58A6C3E6A79}.Release|x64.Build.0 = Release|Any CPU
		{06F198EA-762C-4B34-84DA-B58A6C3E6A79}.Release|x86.ActiveCfg = Release|Any CPU
		{06F198EA-762C-4B34-84DA-B58A6C3E6A79}.Release|x86.Build.0 = Release|Any CPU
		{9F64F9E5-9D95-47BA-ADDA-524B89F406FA}.Debug|Any CPU.ActiveCfg = Debug|Any CPU
		{9F64F9E5-9D95-47BA-ADDA-524B89F406FA}.Debug|Any CPU.Build.0 = Debug|Any CPU
		{9F64F9E5-9D95-47BA-ADDA-524B89F406FA}.Debug|x64.ActiveCfg = Debug|Any CPU
		{9F64F9E5-9D95-47BA-ADDA-524B89F406FA}.Debug|x64.Build.0 = Debug|Any CPU
		{9F64F9E5-9D95-47BA-ADDA-524B89F406FA}.Debug|x86.ActiveCfg = Debug|Any CPU
		{9F64F9E5-9D95-47BA-ADDA-524B89F406FA}.Debug|x86.Build.0 = Debug|Any CPU
		{9F64F9E5-9D95-47BA-ADDA-524B89F406FA}.Release|Any CPU.ActiveCfg = Release|Any CPU
		{9F64F9E5-9D95-47BA-ADDA-524B89F406FA}.Release|Any CPU.Build.0 = Release|Any CPU
		{9F64F9E5-9D95-47BA-ADDA-524B89F406FA}.Release|x64.ActiveCfg = Release|Any CPU
		{9F64F9E5-9D95-47BA-ADDA-524B89F406FA}.Release|x64.Build.0 = Release|Any CPU
		{9F64F9E5-9D95-47BA-ADDA-524B89F406FA}.Release|x86.ActiveCfg = Release|Any CPU
		{9F64F9E5-9D95-47BA-ADDA-524B89F406FA}.Release|x86.Build.0 = Release|Any CPU
		{A2EB4BA6-99D8-4EBE-A122-DE9ED986AEC5}.Debug|Any CPU.ActiveCfg = Debug|Any CPU
		{A2EB4BA6-99D8-4EBE-A122-DE9ED986AEC5}.Debug|Any CPU.Build.0 = Debug|Any CPU
		{A2EB4BA6-99D8-4EBE-A122-DE9ED986AEC5}.Debug|x64.ActiveCfg = Debug|Any CPU
		{A2EB4BA6-99D8-4EBE-A122-DE9ED986AEC5}.Debug|x64.Build.0 = Debug|Any CPU
		{A2EB4BA6-99D8-4EBE-A122-DE9ED986AEC5}.Debug|x86.ActiveCfg = Debug|Any CPU
		{A2EB4BA6-99D8-4EBE-A122-DE9ED986AEC5}.Debug|x86.Build.0 = Debug|Any CPU
		{A2EB4BA6-99D8-4EBE-A122-DE9ED986AEC5}.Release|Any CPU.ActiveCfg = Release|Any CPU
		{A2EB4BA6-99D8-4EBE-A122-DE9ED986AEC5}.Release|Any CPU.Build.0 = Release|Any CPU
		{A2EB4BA6-99D8-4EBE-A122-DE9ED986AEC5}.Release|x64.ActiveCfg = Release|Any CPU
		{A2EB4BA6-99D8-4EBE-A122-DE9ED986AEC5}.Release|x64.Build.0 = Release|Any CPU
		{A2EB4BA6-99D8-4EBE-A122-DE9ED986AEC5}.Release|x86.ActiveCfg = Release|Any CPU
		{A2EB4BA6-99D8-4EBE-A122-DE9ED986AEC5}.Release|x86.Build.0 = Release|Any CPU
		{BC414CFE-4741-4A84-AC6D-827327103217}.Debug|Any CPU.ActiveCfg = Debug|Any CPU
		{BC414CFE-4741-4A84-AC6D-827327103217}.Debug|Any CPU.Build.0 = Debug|Any CPU
		{BC414CFE-4741-4A84-AC6D-827327103217}.Debug|x64.ActiveCfg = Debug|Any CPU
		{BC414CFE-4741-4A84-AC6D-827327103217}.Debug|x64.Build.0 = Debug|Any CPU
		{BC414CFE-4741-4A84-AC6D-827327103217}.Debug|x86.ActiveCfg = Debug|Any CPU
		{BC414CFE-4741-4A84-AC6D-827327103217}.Debug|x86.Build.0 = Debug|Any CPU
		{BC414CFE-4741-4A84-AC6D-827327103217}.Release|Any CPU.ActiveCfg = Release|Any CPU
		{BC414CFE-4741-4A84-AC6D-827327103217}.Release|Any CPU.Build.0 = Release|Any CPU
		{BC414CFE-4741-4A84-AC6D-827327103217}.Release|x64.ActiveCfg = Release|Any CPU
		{BC414CFE-4741-4A84-AC6D-827327103217}.Release|x64.Build.0 = Release|Any CPU
		{BC414CFE-4741-4A84-AC6D-827327103217}.Release|x86.ActiveCfg = Release|Any CPU
		{BC414CFE-4741-4A84-AC6D-827327103217}.Release|x86.Build.0 = Release|Any CPU
		{A1C31871-42CD-46FA-8274-0EF22EC32D63}.Debug|Any CPU.ActiveCfg = Debug|Any CPU
		{A1C31871-42CD-46FA-8274-0EF22EC32D63}.Debug|Any CPU.Build.0 = Debug|Any CPU
		{A1C31871-42CD-46FA-8274-0EF22EC32D63}.Debug|x64.ActiveCfg = Debug|Any CPU
		{A1C31871-42CD-46FA-8274-0EF22EC32D63}.Debug|x64.Build.0 = Debug|Any CPU
		{A1C31871-42CD-46FA-8274-0EF22EC32D63}.Debug|x86.ActiveCfg = Debug|Any CPU
		{A1C31871-42CD-46FA-8274-0EF22EC32D63}.Debug|x86.Build.0 = Debug|Any CPU
		{A1C31871-42CD-46FA-8274-0EF22EC32D63}.Release|Any CPU.ActiveCfg = Release|Any CPU
		{A1C31871-42CD-46FA-8274-0EF22EC32D63}.Release|Any CPU.Build.0 = Release|Any CPU
		{A1C31871-42CD-46FA-8274-0EF22EC32D63}.Release|x64.ActiveCfg = Release|Any CPU
		{A1C31871-42CD-46FA-8274-0EF22EC32D63}.Release|x64.Build.0 = Release|Any CPU
		{A1C31871-42CD-46FA-8274-0EF22EC32D63}.Release|x86.ActiveCfg = Release|Any CPU
		{A1C31871-42CD-46FA-8274-0EF22EC32D63}.Release|x86.Build.0 = Release|Any CPU
		{6E8C559F-E090-4A96-A195-6CD8B5EDD22E}.Debug|Any CPU.ActiveCfg = Debug|Any CPU
		{6E8C559F-E090-4A96-A195-6CD8B5EDD22E}.Debug|Any CPU.Build.0 = Debug|Any CPU
		{6E8C559F-E090-4A96-A195-6CD8B5EDD22E}.Debug|x64.ActiveCfg = Debug|Any CPU
		{6E8C559F-E090-4A96-A195-6CD8B5EDD22E}.Debug|x64.Build.0 = Debug|Any CPU
		{6E8C559F-E090-4A96-A195-6CD8B5EDD22E}.Debug|x86.ActiveCfg = Debug|Any CPU
		{6E8C559F-E090-4A96-A195-6CD8B5EDD22E}.Debug|x86.Build.0 = Debug|Any CPU
		{6E8C559F-E090-4A96-A195-6CD8B5EDD22E}.Release|Any CPU.ActiveCfg = Release|Any CPU
		{6E8C559F-E090-4A96-A195-6CD8B5EDD22E}.Release|Any CPU.Build.0 = Release|Any CPU
		{6E8C559F-E090-4A96-A195-6CD8B5EDD22E}.Release|x64.ActiveCfg = Release|Any CPU
		{6E8C559F-E090-4A96-A195-6CD8B5EDD22E}.Release|x64.Build.0 = Release|Any CPU
		{6E8C559F-E090-4A96-A195-6CD8B5EDD22E}.Release|x86.ActiveCfg = Release|Any CPU
		{6E8C559F-E090-4A96-A195-6CD8B5EDD22E}.Release|x86.Build.0 = Release|Any CPU
		{20925816-5537-442C-8F61-3A8D54C34E59}.Debug|Any CPU.ActiveCfg = Debug|Any CPU
		{20925816-5537-442C-8F61-3A8D54C34E59}.Debug|Any CPU.Build.0 = Debug|Any CPU
		{20925816-5537-442C-8F61-3A8D54C34E59}.Debug|x64.ActiveCfg = Debug|Any CPU
		{20925816-5537-442C-8F61-3A8D54C34E59}.Debug|x64.Build.0 = Debug|Any CPU
		{20925816-5537-442C-8F61-3A8D54C34E59}.Debug|x86.ActiveCfg = Debug|Any CPU
		{20925816-5537-442C-8F61-3A8D54C34E59}.Debug|x86.Build.0 = Debug|Any CPU
		{20925816-5537-442C-8F61-3A8D54C34E59}.Release|Any CPU.ActiveCfg = Release|Any CPU
		{20925816-5537-442C-8F61-3A8D54C34E59}.Release|Any CPU.Build.0 = Release|Any CPU
		{20925816-5537-442C-8F61-3A8D54C34E59}.Release|x64.ActiveCfg = Release|Any CPU
		{20925816-5537-442C-8F61-3A8D54C34E59}.Release|x64.Build.0 = Release|Any CPU
		{20925816-5537-442C-8F61-3A8D54C34E59}.Release|x86.ActiveCfg = Release|Any CPU
		{20925816-5537-442C-8F61-3A8D54C34E59}.Release|x86.Build.0 = Release|Any CPU
		{348D5515-2BAF-489B-A89A-C9BBA1561D72}.Debug|Any CPU.ActiveCfg = Debug|Any CPU
		{348D5515-2BAF-489B-A89A-C9BBA1561D72}.Debug|Any CPU.Build.0 = Debug|Any CPU
		{348D5515-2BAF-489B-A89A-C9BBA1561D72}.Debug|x64.ActiveCfg = Debug|Any CPU
		{348D5515-2BAF-489B-A89A-C9BBA1561D72}.Debug|x64.Build.0 = Debug|Any CPU
		{348D5515-2BAF-489B-A89A-C9BBA1561D72}.Debug|x86.ActiveCfg = Debug|Any CPU
		{348D5515-2BAF-489B-A89A-C9BBA1561D72}.Debug|x86.Build.0 = Debug|Any CPU
		{348D5515-2BAF-489B-A89A-C9BBA1561D72}.Release|Any CPU.ActiveCfg = Release|Any CPU
		{348D5515-2BAF-489B-A89A-C9BBA1561D72}.Release|Any CPU.Build.0 = Release|Any CPU
		{348D5515-2BAF-489B-A89A-C9BBA1561D72}.Release|x64.ActiveCfg = Release|Any CPU
		{348D5515-2BAF-489B-A89A-C9BBA1561D72}.Release|x64.Build.0 = Release|Any CPU
		{348D5515-2BAF-489B-A89A-C9BBA1561D72}.Release|x86.ActiveCfg = Release|Any CPU
		{348D5515-2BAF-489B-A89A-C9BBA1561D72}.Release|x86.Build.0 = Release|Any CPU
	EndGlobalSection
	GlobalSection(SolutionProperties) = preSolution
		HideSolutionNode = FALSE
	EndGlobalSection
	GlobalSection(ExtensibilityGlobals) = postSolution
		SolutionGuid = {0FAB694C-FEB1-4FCA-9F07-4DAD96FF1194}
	EndGlobalSection
EndGlobal
